
Microsoft Visual Studio Solution File, Format Version 11.00
# Visual Studio 2010
Project("{FAE04EC0-301F-11D3-BF4B-00C04F79EFBC}") = "Assembly-CSharp", "Assembly-CSharp.csproj", "{b3187a7f-7c29-f34f-a16c-8ab55580a89e}"
EndProject
Project("{FAE04EC0-301F-11D3-BF4B-00C04F79EFBC}") = "Assembly-CSharp-Editor", "Assembly-CSharp-Editor.csproj", "{fa5cb4ad-c16a-9a88-c46b-20bee75c9034}"
EndProject
Global
	GlobalSection(SolutionConfigurationPlatforms) = preSolution
		Debug|Any CPU = Debug|Any CPU
	EndGlobalSection
	GlobalSection(ProjectConfigurationPlatforms) = postSolution
		{b3187a7f-7c29-f34f-a16c-8ab55580a89e}.Debug|Any CPU.ActiveCfg = Debug|Any CPU
		{b3187a7f-7c29-f34f-a16c-8ab55580a89e}.Debug|Any CPU.Build.0 = Debug|Any CPU
		{fa5cb4ad-c16a-9a88-c46b-20bee75c9034}.Debug|Any CPU.ActiveCfg = Debug|Any CPU
		{fa5cb4ad-c16a-9a88-c46b-20bee75c9034}.Debug|Any CPU.Build.0 = Debug|Any CPU
	EndGlobalSection
	GlobalSection(SolutionProperties) = preSolution
		HideSolutionNode = FALSE
	EndGlobalSection
EndGlobal
